// !$*UTF8*$!
{
	archiveVersion = 1;
	classes = {
	};
	objectVersion = 50;
	objects = {

/* Begin PBXBuildFile section */
		A5CE790621989F8B004D3C99 /* SqliteBroker.swift in Sources */ = {isa = PBXBuildFile; fileRef = A5CE790521989F8B004D3C99 /* SqliteBroker.swift */; };
		A5F51FF721975D2800608E29 /* AppDelegate.swift in Sources */ = {isa = PBXBuildFile; fileRef = A5F51FF621975D2800608E29 /* AppDelegate.swift */; };
		A5F51FF921975D2800608E29 /* ViewController.swift in Sources */ = {isa = PBXBuildFile; fileRef = A5F51FF821975D2800608E29 /* ViewController.swift */; };
		A5F51FFC21975D2800608E29 /* Main.storyboard in Resources */ = {isa = PBXBuildFile; fileRef = A5F51FFA21975D2800608E29 /* Main.storyboard */; };
		A5F51FFE21975D2900608E29 /* Assets.xcassets in Resources */ = {isa = PBXBuildFile; fileRef = A5F51FFD21975D2900608E29 /* Assets.xcassets */; };
		A5F5200121975D2900608E29 /* LaunchScreen.storyboard in Resources */ = {isa = PBXBuildFile; fileRef = A5F51FFF21975D2900608E29 /* LaunchScreen.storyboard */; };
		A5F5200C21975D2900608E29 /* PhotoSelectTests.swift in Sources */ = {isa = PBXBuildFile; fileRef = A5F5200B21975D2900608E29 /* PhotoSelectTests.swift */; };
		A5F5201721975D2900608E29 /* PhotoSelectUITests.swift in Sources */ = {isa = PBXBuildFile; fileRef = A5F5201621975D2900608E29 /* PhotoSelectUITests.swift */; };
		A5F5202621975DA000608E29 /* MapKit.framework in Frameworks */ = {isa = PBXBuildFile; fileRef = A5F5202521975DA000608E29 /* MapKit.framework */; };
/* End PBXBuildFile section */

/* Begin PBXContainerItemProxy section */
		A5F5200821975D2900608E29 /* PBXContainerItemProxy */ = {
			isa = PBXContainerItemProxy;
			containerPortal = A5F51FEB21975D2800608E29 /* Project object */;
			proxyType = 1;
			remoteGlobalIDString = A5F51FF221975D2800608E29;
			remoteInfo = PhotoSelect;
		};
		A5F5201321975D2900608E29 /* PBXContainerItemProxy */ = {
			isa = PBXContainerItemProxy;
			containerPortal = A5F51FEB21975D2800608E29 /* Project object */;
			proxyType = 1;
			remoteGlobalIDString = A5F51FF221975D2800608E29;
			remoteInfo = PhotoSelect;
		};
/* End PBXContainerItemProxy section */

/* Begin PBXFileReference section */
		A5CE790521989F8B004D3C99 /* SqliteBroker.swift */ = {isa = PBXFileReference; lastKnownFileType = sourcecode.swift; path = SqliteBroker.swift; sourceTree = "<group>"; };
		A5F51FF321975D2800608E29 /* PhotoSelect.app */ = {isa = PBXFileReference; explicitFileType = wrapper.application; includeInIndex = 0; path = PhotoSelect.app; sourceTree = BUILT_PRODUCTS_DIR; };
		A5F51FF621975D2800608E29 /* AppDelegate.swift */ = {isa = PBXFileReference; lastKnownFileType = sourcecode.swift; path = AppDelegate.swift; sourceTree = "<group>"; };
		A5F51FF821975D2800608E29 /* ViewController.swift */ = {isa = PBXFileReference; lastKnownFileType = sourcecode.swift; path = ViewController.swift; sourceTree = "<group>"; };
		A5F51FFB21975D2800608E29 /* Base */ = {isa = PBXFileReference; lastKnownFileType = file.storyboard; name = Base; path = Base.lproj/Main.storyboard; sourceTree = "<group>"; };
		A5F51FFD21975D2900608E29 /* Assets.xcassets */ = {isa = PBXFileReference; lastKnownFileType = folder.assetcatalog; path = Assets.xcassets; sourceTree = "<group>"; };
		A5F5200021975D2900608E29 /* Base */ = {isa = PBXFileReference; lastKnownFileType = file.storyboard; name = Base; path = Base.lproj/LaunchScreen.storyboard; sourceTree = "<group>"; };
		A5F5200221975D2900608E29 /* Info.plist */ = {isa = PBXFileReference; lastKnownFileType = text.plist.xml; path = Info.plist; sourceTree = "<group>"; };
		A5F5200721975D2900608E29 /* PhotoSelectTests.xctest */ = {isa = PBXFileReference; explicitFileType = wrapper.cfbundle; includeInIndex = 0; path = PhotoSelectTests.xctest; sourceTree = BUILT_PRODUCTS_DIR; };
		A5F5200B21975D2900608E29 /* PhotoSelectTests.swift */ = {isa = PBXFileReference; lastKnownFileType = sourcecode.swift; path = PhotoSelectTests.swift; sourceTree = "<group>"; };
		A5F5200D21975D2900608E29 /* Info.plist */ = {isa = PBXFileReference; lastKnownFileType = text.plist.xml; path = Info.plist; sourceTree = "<group>"; };
		A5F5201221975D2900608E29 /* PhotoSelectUITests.xctest */ = {isa = PBXFileReference; explicitFileType = wrapper.cfbundle; includeInIndex = 0; path = PhotoSelectUITests.xctest; sourceTree = BUILT_PRODUCTS_DIR; };
		A5F5201621975D2900608E29 /* PhotoSelectUITests.swift */ = {isa = PBXFileReference; lastKnownFileType = sourcecode.swift; path = PhotoSelectUITests.swift; sourceTree = "<group>"; };
		A5F5201821975D2900608E29 /* Info.plist */ = {isa = PBXFileReference; lastKnownFileType = text.plist.xml; path = Info.plist; sourceTree = "<group>"; };
		A5F5202521975DA000608E29 /* MapKit.framework */ = {isa = PBXFileReference; lastKnownFileType = wrapper.framework; name = MapKit.framework; path = System/Library/Frameworks/MapKit.framework; sourceTree = SDKROOT; };
/* End PBXFileReference section */

/* Begin PBXFrameworksBuildPhase section */
		A5F51FF021975D2800608E29 /* Frameworks */ = {
			isa = PBXFrameworksBuildPhase;
			buildActionMask = 2147483647;
			files = (
				A5F5202621975DA000608E29 /* MapKit.framework in Frameworks */,
			);
			runOnlyForDeploymentPostprocessing = 0;
		};
		A5F5200421975D2900608E29 /* Frameworks */ = {
			isa = PBXFrameworksBuildPhase;
			buildActionMask = 2147483647;
			files = (
			);
			runOnlyForDeploymentPostprocessing = 0;
		};
		A5F5200F21975D2900608E29 /* Frameworks */ = {
			isa = PBXFrameworksBuildPhase;
			buildActionMask = 2147483647;
			files = (
			);
			runOnlyForDeploymentPostprocessing = 0;
		};
/* End PBXFrameworksBuildPhase section */

/* Begin PBXGroup section */
		A5CE790421989F6D004D3C99 /* SqliteBroker */ = {
			isa = PBXGroup;
			children = (
				A5CE790521989F8B004D3C99 /* SqliteBroker.swift */,
			);
			path = SqliteBroker;
			sourceTree = "<group>";
		};
		A5F51FEA21975D2800608E29 = {
			isa = PBXGroup;
			children = (
				A5CE790421989F6D004D3C99 /* SqliteBroker */,
				A5F51FF521975D2800608E29 /* PhotoSelect */,
				A5F5200A21975D2900608E29 /* PhotoSelectTests */,
				A5F5201521975D2900608E29 /* PhotoSelectUITests */,
				A5F51FF421975D2800608E29 /* Products */,
				A5F5202421975DA000608E29 /* Frameworks */,
			);
			sourceTree = "<group>";
		};
		A5F51FF421975D2800608E29 /* Products */ = {
			isa = PBXGroup;
			children = (
				A5F51FF321975D2800608E29 /* PhotoSelect.app */,
				A5F5200721975D2900608E29 /* PhotoSelectTests.xctest */,
				A5F5201221975D2900608E29 /* PhotoSelectUITests.xctest */,
			);
			name = Products;
			sourceTree = "<group>";
		};
		A5F51FF521975D2800608E29 /* PhotoSelect */ = {
			isa = PBXGroup;
			children = (
				A5F51FF621975D2800608E29 /* AppDelegate.swift */,
				A5F51FF821975D2800608E29 /* ViewController.swift */,
				A5F51FFA21975D2800608E29 /* Main.storyboard */,
				A5F51FFD21975D2900608E29 /* Assets.xcassets */,
				A5F51FFF21975D2900608E29 /* LaunchScreen.storyboard */,
				A5F5200221975D2900608E29 /* Info.plist */,
			);
			path = PhotoSelect;
			sourceTree = "<group>";
		};
		A5F5200A21975D2900608E29 /* PhotoSelectTests */ = {
			isa = PBXGroup;
			children = (
				A5F5200B21975D2900608E29 /* PhotoSelectTests.swift */,
				A5F5200D21975D2900608E29 /* Info.plist */,
			);
			path = PhotoSelectTests;
			sourceTree = "<group>";
		};
		A5F5201521975D2900608E29 /* PhotoSelectUITests */ = {
			isa = PBXGroup;
			children = (
				A5F5201621975D2900608E29 /* PhotoSelectUITests.swift */,
				A5F5201821975D2900608E29 /* Info.plist */,
			);
			path = PhotoSelectUITests;
			sourceTree = "<group>";
		};
		A5F5202421975DA000608E29 /* Frameworks */ = {
			isa = PBXGroup;
			children = (
				A5F5202521975DA000608E29 /* MapKit.framework */,
			);
			name = Frameworks;
			sourceTree = "<group>";
		};
/* End PBXGroup section */

/* Begin PBXNativeTarget section */
		A5F51FF221975D2800608E29 /* PhotoSelect */ = {
			isa = PBXNativeTarget;
			buildConfigurationList = A5F5201B21975D2900608E29 /* Build configuration list for PBXNativeTarget "PhotoSelect" */;
			buildPhases = (
				A5F51FEF21975D2800608E29 /* Sources */,
				A5F51FF021975D2800608E29 /* Frameworks */,
				A5F51FF121975D2800608E29 /* Resources */,
				A5F5202721978BFA00608E29 /* ShellScript */,
			);
			buildRules = (
			);
			dependencies = (
			);
			name = PhotoSelect;
			productName = PhotoSelect;
			productReference = A5F51FF321975D2800608E29 /* PhotoSelect.app */;
			productType = "com.apple.product-type.application";
		};
		A5F5200621975D2900608E29 /* PhotoSelectTests */ = {
			isa = PBXNativeTarget;
			buildConfigurationList = A5F5201E21975D2900608E29 /* Build configuration list for PBXNativeTarget "PhotoSelectTests" */;
			buildPhases = (
				A5F5200321975D2900608E29 /* Sources */,
				A5F5200421975D2900608E29 /* Frameworks */,
				A5F5200521975D2900608E29 /* Resources */,
			);
			buildRules = (
			);
			dependencies = (
				A5F5200921975D2900608E29 /* PBXTargetDependency */,
			);
			name = PhotoSelectTests;
			productName = PhotoSelectTests;
			productReference = A5F5200721975D2900608E29 /* PhotoSelectTests.xctest */;
			productType = "com.apple.product-type.bundle.unit-test";
		};
		A5F5201121975D2900608E29 /* PhotoSelectUITests */ = {
			isa = PBXNativeTarget;
			buildConfigurationList = A5F5202121975D2900608E29 /* Build configuration list for PBXNativeTarget "PhotoSelectUITests" */;
			buildPhases = (
				A5F5200E21975D2900608E29 /* Sources */,
				A5F5200F21975D2900608E29 /* Frameworks */,
				A5F5201021975D2900608E29 /* Resources */,
			);
			buildRules = (
			);
			dependencies = (
				A5F5201421975D2900608E29 /* PBXTargetDependency */,
			);
			name = PhotoSelectUITests;
			productName = PhotoSelectUITests;
			productReference = A5F5201221975D2900608E29 /* PhotoSelectUITests.xctest */;
			productType = "com.apple.product-type.bundle.ui-testing";
		};
/* End PBXNativeTarget section */

/* Begin PBXProject section */
		A5F51FEB21975D2800608E29 /* Project object */ = {
			isa = PBXProject;
			attributes = {
				LastSwiftUpdateCheck = 1010;
				LastUpgradeCheck = 1010;
				ORGANIZATIONNAME = "Michael Chirico";
				TargetAttributes = {
					A5F51FF221975D2800608E29 = {
						CreatedOnToolsVersion = 10.1;
						SystemCapabilities = {
							com.apple.Maps.iOS = {
								enabled = 1;
							};
						};
					};
					A5F5200621975D2900608E29 = {
						CreatedOnToolsVersion = 10.1;
						TestTargetID = A5F51FF221975D2800608E29;
					};
					A5F5201121975D2900608E29 = {
						CreatedOnToolsVersion = 10.1;
						TestTargetID = A5F51FF221975D2800608E29;
					};
				};
			};
			buildConfigurationList = A5F51FEE21975D2800608E29 /* Build configuration list for PBXProject "PhotoSelect" */;
			compatibilityVersion = "Xcode 9.3";
			developmentRegion = en;
			hasScannedForEncodings = 0;
			knownRegions = (
				en,
				Base,
			);
			mainGroup = A5F51FEA21975D2800608E29;
			productRefGroup = A5F51FF421975D2800608E29 /* Products */;
			projectDirPath = "";
			projectRoot = "";
			targets = (
				A5F51FF221975D2800608E29 /* PhotoSelect */,
				A5F5200621975D2900608E29 /* PhotoSelectTests */,
				A5F5201121975D2900608E29 /* PhotoSelectUITests */,
			);
		};
/* End PBXProject section */

/* Begin PBXResourcesBuildPhase section */
		A5F51FF121975D2800608E29 /* Resources */ = {
			isa = PBXResourcesBuildPhase;
			buildActionMask = 2147483647;
			files = (
				A5F5200121975D2900608E29 /* LaunchScreen.storyboard in Resources */,
				A5F51FFE21975D2900608E29 /* Assets.xcassets in Resources */,
				A5F51FFC21975D2800608E29 /* Main.storyboard in Resources */,
			);
			runOnlyForDeploymentPostprocessing = 0;
		};
		A5F5200521975D2900608E29 /* Resources */ = {
			isa = PBXResourcesBuildPhase;
			buildActionMask = 2147483647;
			files = (
			);
			runOnlyForDeploymentPostprocessing = 0;
		};
		A5F5201021975D2900608E29 /* Resources */ = {
			isa = PBXResourcesBuildPhase;
			buildActionMask = 2147483647;
			files = (
			);
			runOnlyForDeploymentPostprocessing = 0;
		};
/* End PBXResourcesBuildPhase section */

/* Begin PBXShellScriptBuildPhase section */
		A5F5202721978BFA00608E29 /* ShellScript */ = {
			isa = PBXShellScriptBuildPhase;
			buildActionMask = 2147483647;
			files = (
			);
			inputFileListPaths = (
			);
			inputPaths = (
			);
			outputFileListPaths = (
			);
			outputPaths = (
			);
			runOnlyForDeploymentPostprocessing = 0;
			shellPath = /bin/sh;
			shellScript = "# Type a script or drag a script file from your workspace to insert its path.\nif which swiftlint >/dev/null; then\n  swiftlint\nelse echo \"warning: SwiftLint not installed, download from https://github.com/realm/SwiftLint\"\nfi\n";
		};
/* End PBXShellScriptBuildPhase section */

/* Begin PBXSourcesBuildPhase section */
		A5F51FEF21975D2800608E29 /* Sources */ = {
			isa = PBXSourcesBuildPhase;
			buildActionMask = 2147483647;
			files = (
				A5F51FF921975D2800608E29 /* ViewController.swift in Sources */,
				A5F51FF721975D2800608E29 /* AppDelegate.swift in Sources */,
				A5CE790621989F8B004D3C99 /* SqliteBroker.swift in Sources */,
			);
			runOnlyForDeploymentPostprocessing = 0;
		};
		A5F5200321975D2900608E29 /* Sources */ = {
			isa = PBXSourcesBuildPhase;
			buildActionMask = 2147483647;
			files = (
				A5F5200C21975D2900608E29 /* PhotoSelectTests.swift in Sources */,
			);
			runOnlyForDeploymentPostprocessing = 0;
		};
		A5F5200E21975D2900608E29 /* Sources */ = {
			isa = PBXSourcesBuildPhase;
			buildActionMask = 2147483647;
			files = (
				A5F5201721975D2900608E29 /* PhotoSelectUITests.swift in Sources */,
			);
			runOnlyForDeploymentPostprocessing = 0;
		};
/* End PBXSourcesBuildPhase section */

/* Begin PBXTargetDependency section */
		A5F5200921975D2900608E29 /* PBXTargetDependency */ = {
			isa = PBXTargetDependency;
			target = A5F51FF221975D2800608E29 /* PhotoSelect */;
			targetProxy = A5F5200821975D2900608E29 /* PBXContainerItemProxy */;
		};
		A5F5201421975D2900608E29 /* PBXTargetDependency */ = {
			isa = PBXTargetDependency;
			target = A5F51FF221975D2800608E29 /* PhotoSelect */;
			targetProxy = A5F5201321975D2900608E29 /* PBXContainerItemProxy */;
		};
/* End PBXTargetDependency section */

/* Begin PBXVariantGroup section */
		A5F51FFA21975D2800608E29 /* Main.storyboard */ = {
			isa = PBXVariantGroup;
			children = (
				A5F51FFB21975D2800608E29 /* Base */,
			);
			name = Main.storyboard;
			sourceTree = "<group>";
		};
		A5F51FFF21975D2900608E29 /* LaunchScreen.storyboard */ = {
			isa = PBXVariantGroup;
			children = (
				A5F5200021975D2900608E29 /* Base */,
			);
			name = LaunchScreen.storyboard;
			sourceTree = "<group>";
		};
/* End PBXVariantGroup section */

/* Begin XCBuildConfiguration section */
		A5F5201921975D2900608E29 /* Debug */ = {
			isa = XCBuildConfiguration;
			buildSettings = {
				ALWAYS_SEARCH_USER_PATHS = NO;
				CLANG_ANALYZER_NONNULL = YES;
				CLANG_ANALYZER_NUMBER_OBJECT_CONVERSION = YES_AGGRESSIVE;
				CLANG_CXX_LANGUAGE_STANDARD = "gnu++14";
				CLANG_CXX_LIBRARY = "libc++";
				CLANG_ENABLE_MODULES = YES;
				CLANG_ENABLE_OBJC_ARC = YES;
				CLANG_ENABLE_OBJC_WEAK = YES;
				CLANG_WARN_BLOCK_CAPTURE_AUTORELEASING = YES;
				CLANG_WARN_BOOL_CONVERSION = YES;
				CLANG_WARN_COMMA = YES;
				CLANG_WARN_CONSTANT_CONVERSION = YES;
				CLANG_WARN_DEPRECATED_OBJC_IMPLEMENTATIONS = YES;
				CLANG_WARN_DIRECT_OBJC_ISA_USAGE = YES_ERROR;
				CLANG_WARN_DOCUMENTATION_COMMENTS = YES;
				CLANG_WARN_EMPTY_BODY = YES;
				CLANG_WARN_ENUM_CONVERSION = YES;
				CLANG_WARN_INFINITE_RECURSION = YES;
				CLANG_WARN_INT_CONVERSION = YES;
				CLANG_WARN_NON_LITERAL_NULL_CONVERSION = YES;
				CLANG_WARN_OBJC_IMPLICIT_RETAIN_SELF = YES;
				CLANG_WARN_OBJC_LITERAL_CONVERSION = YES;
				CLANG_WARN_OBJC_ROOT_CLASS = YES_ERROR;
				CLANG_WARN_RANGE_LOOP_ANALYSIS = YES;
				CLANG_WARN_STRICT_PROTOTYPES = YES;
				CLANG_WARN_SUSPICIOUS_MOVE = YES;
				CLANG_WARN_UNGUARDED_AVAILABILITY = YES_AGGRESSIVE;
				CLANG_WARN_UNREACHABLE_CODE = YES;
				CLANG_WARN__DUPLICATE_METHOD_MATCH = YES;
				CODE_SIGN_IDENTITY = "iPhone Developer";
				COPY_PHASE_STRIP = NO;
				DEBUG_INFORMATION_FORMAT = dwarf;
				ENABLE_STRICT_OBJC_MSGSEND = YES;
				ENABLE_TESTABILITY = YES;
				GCC_C_LANGUAGE_STANDARD = gnu11;
				GCC_DYNAMIC_NO_PIC = NO;
				GCC_NO_COMMON_BLOCKS = YES;
				GCC_OPTIMIZATION_LEVEL = 0;
				GCC_PREPROCESSOR_DEFINITIONS = (
					"DEBUG=1",
					"$(inherited)",
				);
				GCC_WARN_64_TO_32_BIT_CONVERSION = YES;
				GCC_WARN_ABOUT_RETURN_TYPE = YES_ERROR;
				GCC_WARN_UNDECLARED_SELECTOR = YES;
				GCC_WARN_UNINITIALIZED_AUTOS = YES_AGGRESSIVE;
				GCC_WARN_UNUSED_FUNCTION = YES;
				GCC_WARN_UNUSED_VARIABLE = YES;
				IPHONEOS_DEPLOYMENT_TARGET = 12.1;
				MTL_ENABLE_DEBUG_INFO = INCLUDE_SOURCE;
				MTL_FAST_MATH = YES;
				ONLY_ACTIVE_ARCH = YES;
				SDKROOT = iphoneos;
				SWIFT_ACTIVE_COMPILATION_CONDITIONS = DEBUG;
				SWIFT_OPTIMIZATION_LEVEL = "-Onone";
			};
			name = Debug;
		};
		A5F5201A21975D2900608E29 /* Release */ = {
			isa = XCBuildConfiguration;
			buildSettings = {
				ALWAYS_SEARCH_USER_PATHS = NO;
				CLANG_ANALYZER_NONNULL = YES;
				CLANG_ANALYZER_NUMBER_OBJECT_CONVERSION = YES_AGGRESSIVE;
				CLANG_CXX_LANGUAGE_STANDARD = "gnu++14";
				CLANG_CXX_LIBRARY = "libc++";
				CLANG_ENABLE_MODULES = YES;
				CLANG_ENABLE_OBJC_ARC = YES;
				CLANG_ENABLE_OBJC_WEAK = YES;
				CLANG_WARN_BLOCK_CAPTURE_AUTORELEASING = YES;
				CLANG_WARN_BOOL_CONVERSION = YES;
				CLANG_WARN_COMMA = YES;
				CLANG_WARN_CONSTANT_CONVERSION = YES;
				CLANG_WARN_DEPRECATED_OBJC_IMPLEMENTATIONS = YES;
				CLANG_WARN_DIRECT_OBJC_ISA_USAGE = YES_ERROR;
				CLANG_WARN_DOCUMENTATION_COMMENTS = YES;
				CLANG_WARN_EMPTY_BODY = YES;
				CLANG_WARN_ENUM_CONVERSION = YES;
				CLANG_WARN_INFINITE_RECURSION = YES;
				CLANG_WARN_INT_CONVERSION = YES;
				CLANG_WARN_NON_LITERAL_NULL_CONVERSION = YES;
				CLANG_WARN_OBJC_IMPLICIT_RETAIN_SELF = YES;
				CLANG_WARN_OBJC_LITERAL_CONVERSION = YES;
				CLANG_WARN_OBJC_ROOT_CLASS = YES_ERROR;
				CLANG_WARN_RANGE_LOOP_ANALYSIS = YES;
				CLANG_WARN_STRICT_PROTOTYPES = YES;
				CLANG_WARN_SUSPICIOUS_MOVE = YES;
				CLANG_WARN_UNGUARDED_AVAILABILITY = YES_AGGRESSIVE;
				CLANG_WARN_UNREACHABLE_CODE = YES;
				CLANG_WARN__DUPLICATE_METHOD_MATCH = YES;
				CODE_SIGN_IDENTITY = "iPhone Developer";
				COPY_PHASE_STRIP = NO;
				DEBUG_INFORMATION_FORMAT = "dwarf-with-dsym";
				ENABLE_NS_ASSERTIONS = NO;
				ENABLE_STRICT_OBJC_MSGSEND = YES;
				GCC_C_LANGUAGE_STANDARD = gnu11;
				GCC_NO_COMMON_BLOCKS = YES;
				GCC_WARN_64_TO_32_BIT_CONVERSION = YES;
				GCC_WARN_ABOUT_RETURN_TYPE = YES_ERROR;
				GCC_WARN_UNDECLARED_SELECTOR = YES;
				GCC_WARN_UNINITIALIZED_AUTOS = YES_AGGRESSIVE;
				GCC_WARN_UNUSED_FUNCTION = YES;
				GCC_WARN_UNUSED_VARIABLE = YES;
				IPHONEOS_DEPLOYMENT_TARGET = 12.1;
				MTL_ENABLE_DEBUG_INFO = NO;
				MTL_FAST_MATH = YES;
				SDKROOT = iphoneos;
				SWIFT_COMPILATION_MODE = wholemodule;
				SWIFT_OPTIMIZATION_LEVEL = "-O";
				VALIDATE_PRODUCT = YES;
			};
			name = Release;
		};
		A5F5201C21975D2900608E29 /* Debug */ = {
			isa = XCBuildConfiguration;
			buildSettings = {
				ASSETCATALOG_COMPILER_APPICON_NAME = AppIcon;
				CODE_SIGN_STYLE = Automatic;
				DEVELOPMENT_TEAM = UWJCYGVG9Z;
				INFOPLIST_FILE = PhotoSelect/Info.plist;
				LD_RUNPATH_SEARCH_PATHS = (
					"$(inherited)",
					"@executable_path/Frameworks",
				);
				PRODUCT_BUNDLE_IDENTIFIER = com.cwxstat.rx.PhotoSelect;
				PRODUCT_NAME = "$(TARGET_NAME)";
				SWIFT_VERSION = 4.2;
				TARGETED_DEVICE_FAMILY = "1,2";
			};
			name = Debug;
		};
		A5F5201D21975D2900608E29 /* Release */ = {
			isa = XCBuildConfiguration;
			buildSettings = {
				ASSETCATALOG_COMPILER_APPICON_NAME = AppIcon;
				CODE_SIGN_STYLE = Automatic;
				DEVELOPMENT_TEAM = UWJCYGVG9Z;
				INFOPLIST_FILE = PhotoSelect/Info.plist;
				LD_RUNPATH_SEARCH_PATHS = (
					"$(inherited)",
					"@executable_path/Frameworks",
				);
				PRODUCT_BUNDLE_IDENTIFIER = com.cwxstat.rx.PhotoSelect;
				PRODUCT_NAME = "$(TARGET_NAME)";
				SWIFT_VERSION = 4.2;
				TARGETED_DEVICE_FAMILY = "1,2";
			};
			name = Release;
		};
		A5F5201F21975D2900608E29 /* Debug */ = {
			isa = XCBuildConfiguration;
			buildSettings = {
				ALWAYS_EMBED_SWIFT_STANDARD_LIBRARIES = YES;
				BUNDLE_LOADER = "$(TEST_HOST)";
				CODE_SIGN_STYLE = Automatic;
				DEVELOPMENT_TEAM = UWJCYGVG9Z;
				INFOPLIST_FILE = PhotoSelectTests/Info.plist;
				LD_RUNPATH_SEARCH_PATHS = (
					"$(inherited)",
					"@executable_path/Frameworks",
					"@loader_path/Frameworks",
				);
				PRODUCT_BUNDLE_IDENTIFIER = com.cwxstat.rx.PhotoSelectTests;
				PRODUCT_NAME = "$(TARGET_NAME)";
				SWIFT_VERSION = 4.2;
				TARGETED_DEVICE_FAMILY = "1,2";
				TEST_HOST = "$(BUILT_PRODUCTS_DIR)/PhotoSelect.app/PhotoSelect";
			};
			name = Debug;
		};
		A5F5202021975D2900608E29 /* Release */ = {
			isa = XCBuildConfiguration;
			buildSettings = {
				ALWAYS_EMBED_SWIFT_STANDARD_LIBRARIES = YES;
				BUNDLE_LOADER = "$(TEST_HOST)";
				CODE_SIGN_STYLE = Automatic;
				DEVELOPMENT_TEAM = UWJCYGVG9Z;
				INFOPLIST_FILE = PhotoSelectTests/Info.plist;
				LD_RUNPATH_SEARCH_PATHS = (
					"$(inherited)",
					"@executable_path/Frameworks",
					"@loader_path/Frameworks",
				);
				PRODUCT_BUNDLE_IDENTIFIER = com.cwxstat.rx.PhotoSelectTests;
				PRODUCT_NAME = "$(TARGET_NAME)";
				SWIFT_VERSION = 4.2;
				TARGETED_DEVICE_FAMILY = "1,2";
				TEST_HOST = "$(BUILT_PRODUCTS_DIR)/PhotoSelect.app/PhotoSelect";
			};
			name = Release;
		};
		A5F5202221975D2900608E29 /* Debug */ = {
			isa = XCBuildConfiguration;
			buildSettings = {
				ALWAYS_EMBED_SWIFT_STANDARD_LIBRARIES = YES;
				CODE_SIGN_STYLE = Automatic;
				DEVELOPMENT_TEAM = UWJCYGVG9Z;
				INFOPLIST_FILE = PhotoSelectUITests/Info.plist;
				LD_RUNPATH_SEARCH_PATHS = (
					"$(inherited)",
					"@executable_path/Frameworks",
					"@loader_path/Frameworks",
				);
				PRODUCT_BUNDLE_IDENTIFIER = com.cwxstat.rx.PhotoSelectUITests;
				PRODUCT_NAME = "$(TARGET_NAME)";
				SWIFT_VERSION = 4.2;
				TARGETED_DEVICE_FAMILY = "1,2";
				TEST_TARGET_NAME = PhotoSelect;
			};
			name = Debug;
		};
		A5F5202321975D2900608E29 /* Release */ = {
			isa = XCBuildConfiguration;
			buildSettings = {
				ALWAYS_EMBED_SWIFT_STANDARD_LIBRARIES = YES;
				CODE_SIGN_STYLE = Automatic;
				DEVELOPMENT_TEAM = UWJCYGVG9Z;
				INFOPLIST_FILE = PhotoSelectUITests/Info.plist;
				LD_RUNPATH_SEARCH_PATHS = (
					"$(inherited)",
					"@executable_path/Frameworks",
					"@loader_path/Frameworks",
				);
				PRODUCT_BUNDLE_IDENTIFIER = com.cwxstat.rx.PhotoSelectUITests;
				PRODUCT_NAME = "$(TARGET_NAME)";
				SWIFT_VERSION = 4.2;
				TARGETED_DEVICE_FAMILY = "1,2";
				TEST_TARGET_NAME = PhotoSelect;
			};
			name = Release;
		};
/* End XCBuildConfiguration section */

/* Begin XCConfigurationList section */
		A5F51FEE21975D2800608E29 /* Build configuration list for PBXProject "PhotoSelect" */ = {
			isa = XCConfigurationList;
			buildConfigurations = (
				A5F5201921975D2900608E29 /* Debug */,
				A5F5201A21975D2900608E29 /* Release */,
			);
			defaultConfigurationIsVisible = 0;
			defaultConfigurationName = Release;
		};
		A5F5201B21975D2900608E29 /* Build configuration list for PBXNativeTarget "PhotoSelect" */ = {
			isa = XCConfigurationList;
			buildConfigurations = (
				A5F5201C21975D2900608E29 /* Debug */,
				A5F5201D21975D2900608E29 /* Release */,
			);
			defaultConfigurationIsVisible = 0;
			defaultConfigurationName = Release;
		};
		A5F5201E21975D2900608E29 /* Build configuration list for PBXNativeTarget "PhotoSelectTests" */ = {
			isa = XCConfigurationList;
			buildConfigurations = (
				A5F5201F21975D2900608E29 /* Debug */,
				A5F5202021975D2900608E29 /* Release */,
			);
			defaultConfigurationIsVisible = 0;
			defaultConfigurationName = Release;
		};
		A5F5202121975D2900608E29 /* Build configuration list for PBXNativeTarget "PhotoSelectUITests" */ = {
			isa = XCConfigurationList;
			buildConfigurations = (
				A5F5202221975D2900608E29 /* Debug */,
				A5F5202321975D2900608E29 /* Release */,
			);
			defaultConfigurationIsVisible = 0;
			defaultConfigurationName = Release;
		};
/* End XCConfigurationList section */
	};
	rootObject = A5F51FEB21975D2800608E29 /* Project object */;
}
