// !$*UTF8*$!
{
	archiveVersion = 1;
	classes = {
	};
	objectVersion = 50;
	objects = {

/* Begin PBXBuildFile section */
		B08918A923BCC06D00BEAC44 /* AppDelegate.swift in Sources */ = {isa = PBXBuildFile; fileRef = B08918A823BCC06D00BEAC44 /* AppDelegate.swift */; };
		B08918AB23BCC06D00BEAC44 /* SceneDelegate.swift in Sources */ = {isa = PBXBuildFile; fileRef = B08918AA23BCC06D00BEAC44 /* SceneDelegate.swift */; };
		B08918AD23BCC06D00BEAC44 /* ContentView.swift in Sources */ = {isa = PBXBuildFile; fileRef = B08918AC23BCC06D00BEAC44 /* ContentView.swift */; };
		B08918AF23BCC06E00BEAC44 /* Assets.xcassets in Resources */ = {isa = PBXBuildFile; fileRef = B08918AE23BCC06E00BEAC44 /* Assets.xcassets */; };
		B08918B223BCC06E00BEAC44 /* Preview Assets.xcassets in Resources */ = {isa = PBXBuildFile; fileRef = B08918B123BCC06E00BEAC44 /* Preview Assets.xcassets */; };
		B08918B523BCC06E00BEAC44 /* LaunchScreen.storyboard in Resources */ = {isa = PBXBuildFile; fileRef = B08918B323BCC06E00BEAC44 /* LaunchScreen.storyboard */; };
		B08918C023BCC06E00BEAC44 /* PhotoSelectTests.swift in Sources */ = {isa = PBXBuildFile; fileRef = B08918BF23BCC06E00BEAC44 /* PhotoSelectTests.swift */; };
		B08918CB23BCC06E00BEAC44 /* PhotoSelectUITests.swift in Sources */ = {isa = PBXBuildFile; fileRef = B08918CA23BCC06E00BEAC44 /* PhotoSelectUITests.swift */; };
/* End PBXBuildFile section */

/* Begin PBXContainerItemProxy section */
		B08918BC23BCC06E00BEAC44 /* PBXContainerItemProxy */ = {
			isa = PBXContainerItemProxy;
			containerPortal = B089189D23BCC06D00BEAC44 /* Project object */;
			proxyType = 1;
			remoteGlobalIDString = B08918A423BCC06D00BEAC44;
			remoteInfo = PhotoSelect;
		};
		B08918C723BCC06E00BEAC44 /* PBXContainerItemProxy */ = {
			isa = PBXContainerItemProxy;
			containerPortal = B089189D23BCC06D00BEAC44 /* Project object */;
			proxyType = 1;
			remoteGlobalIDString = B08918A423BCC06D00BEAC44;
			remoteInfo = PhotoSelect;
		};
/* End PBXContainerItemProxy section */

/* Begin PBXFileReference section */
		B08918A523BCC06D00BEAC44 /* PhotoSelect.app */ = {isa = PBXFileReference; explicitFileType = wrapper.application; includeInIndex = 0; path = PhotoSelect.app; sourceTree = BUILT_PRODUCTS_DIR; };
		B08918A823BCC06D00BEAC44 /* AppDelegate.swift */ = {isa = PBXFileReference; lastKnownFileType = sourcecode.swift; path = AppDelegate.swift; sourceTree = "<group>"; };
		B08918AA23BCC06D00BEAC44 /* SceneDelegate.swift */ = {isa = PBXFileReference; lastKnownFileType = sourcecode.swift; path = SceneDelegate.swift; sourceTree = "<group>"; };
		B08918AC23BCC06D00BEAC44 /* ContentView.swift */ = {isa = PBXFileReference; lastKnownFileType = sourcecode.swift; path = ContentView.swift; sourceTree = "<group>"; };
		B08918AE23BCC06E00BEAC44 /* Assets.xcassets */ = {isa = PBXFileReference; lastKnownFileType = folder.assetcatalog; path = Assets.xcassets; sourceTree = "<group>"; };
		B08918B123BCC06E00BEAC44 /* Preview Assets.xcassets */ = {isa = PBXFileReference; lastKnownFileType = folder.assetcatalog; path = "Preview Assets.xcassets"; sourceTree = "<group>"; };
		B08918B423BCC06E00BEAC44 /* Base */ = {isa = PBXFileReference; lastKnownFileType = file.storyboard; name = Base; path = Base.lproj/LaunchScreen.storyboard; sourceTree = "<group>"; };
		B08918B623BCC06E00BEAC44 /* Info.plist */ = {isa = PBXFileReference; lastKnownFileType = text.plist.xml; path = Info.plist; sourceTree = "<group>"; };
		B08918BB23BCC06E00BEAC44 /* PhotoSelectTests.xctest */ = {isa = PBXFileReference; explicitFileType = wrapper.cfbundle; includeInIndex = 0; path = PhotoSelectTests.xctest; sourceTree = BUILT_PRODUCTS_DIR; };
		B08918BF23BCC06E00BEAC44 /* PhotoSelectTests.swift */ = {isa = PBXFileReference; lastKnownFileType = sourcecode.swift; path = PhotoSelectTests.swift; sourceTree = "<group>"; };
		B08918C123BCC06E00BEAC44 /* Info.plist */ = {isa = PBXFileReference; lastKnownFileType = text.plist.xml; path = Info.plist; sourceTree = "<group>"; };
		B08918C623BCC06E00BEAC44 /* PhotoSelectUITests.xctest */ = {isa = PBXFileReference; explicitFileType = wrapper.cfbundle; includeInIndex = 0; path = PhotoSelectUITests.xctest; sourceTree = BUILT_PRODUCTS_DIR; };
		B08918CA23BCC06E00BEAC44 /* PhotoSelectUITests.swift */ = {isa = PBXFileReference; lastKnownFileType = sourcecode.swift; path = PhotoSelectUITests.swift; sourceTree = "<group>"; };
		B08918CC23BCC06E00BEAC44 /* Info.plist */ = {isa = PBXFileReference; lastKnownFileType = text.plist.xml; path = Info.plist; sourceTree = "<group>"; };
/* End PBXFileReference section */

/* Begin PBXFrameworksBuildPhase section */
		B08918A223BCC06D00BEAC44 /* Frameworks */ = {
			isa = PBXFrameworksBuildPhase;
			buildActionMask = 2147483647;
			files = (
			);
			runOnlyForDeploymentPostprocessing = 0;
		};
		B08918B823BCC06E00BEAC44 /* Frameworks */ = {
			isa = PBXFrameworksBuildPhase;
			buildActionMask = 2147483647;
			files = (
			);
			runOnlyForDeploymentPostprocessing = 0;
		};
		B08918C323BCC06E00BEAC44 /* Frameworks */ = {
			isa = PBXFrameworksBuildPhase;
			buildActionMask = 2147483647;
			files = (
			);
			runOnlyForDeploymentPostprocessing = 0;
		};
/* End PBXFrameworksBuildPhase section */

/* Begin PBXGroup section */
		B089189C23BCC06D00BEAC44 = {
			isa = PBXGroup;
			children = (
				B08918A723BCC06D00BEAC44 /* PhotoSelect */,
				B08918BE23BCC06E00BEAC44 /* PhotoSelectTests */,
				B08918C923BCC06E00BEAC44 /* PhotoSelectUITests */,
				B08918A623BCC06D00BEAC44 /* Products */,
			);
			sourceTree = "<group>";
		};
		B08918A623BCC06D00BEAC44 /* Products */ = {
			isa = PBXGroup;
			children = (
				B08918A523BCC06D00BEAC44 /* PhotoSelect.app */,
				B08918BB23BCC06E00BEAC44 /* PhotoSelectTests.xctest */,
				B08918C623BCC06E00BEAC44 /* PhotoSelectUITests.xctest */,
			);
			name = Products;
			sourceTree = "<group>";
		};
		B08918A723BCC06D00BEAC44 /* PhotoSelect */ = {
			isa = PBXGroup;
			children = (
				B08918A823BCC06D00BEAC44 /* AppDelegate.swift */,
				B08918AA23BCC06D00BEAC44 /* SceneDelegate.swift */,
				B08918AC23BCC06D00BEAC44 /* ContentView.swift */,
				B08918AE23BCC06E00BEAC44 /* Assets.xcassets */,
				B08918B323BCC06E00BEAC44 /* LaunchScreen.storyboard */,
				B08918B623BCC06E00BEAC44 /* Info.plist */,
				B08918B023BCC06E00BEAC44 /* Preview Content */,
			);
			path = PhotoSelect;
			sourceTree = "<group>";
		};
		B08918B023BCC06E00BEAC44 /* Preview Content */ = {
			isa = PBXGroup;
			children = (
				B08918B123BCC06E00BEAC44 /* Preview Assets.xcassets */,
			);
			path = "Preview Content";
			sourceTree = "<group>";
		};
		B08918BE23BCC06E00BEAC44 /* PhotoSelectTests */ = {
			isa = PBXGroup;
			children = (
				B08918BF23BCC06E00BEAC44 /* PhotoSelectTests.swift */,
				B08918C123BCC06E00BEAC44 /* Info.plist */,
			);
			path = PhotoSelectTests;
			sourceTree = "<group>";
		};
		B08918C923BCC06E00BEAC44 /* PhotoSelectUITests */ = {
			isa = PBXGroup;
			children = (
				B08918CA23BCC06E00BEAC44 /* PhotoSelectUITests.swift */,
				B08918CC23BCC06E00BEAC44 /* Info.plist */,
			);
			path = PhotoSelectUITests;
			sourceTree = "<group>";
		};
/* End PBXGroup section */

/* Begin PBXNativeTarget section */
		B08918A423BCC06D00BEAC44 /* PhotoSelect */ = {
			isa = PBXNativeTarget;
			buildConfigurationList = B08918CF23BCC06E00BEAC44 /* Build configuration list for PBXNativeTarget "PhotoSelect" */;
			buildPhases = (
				B08918A123BCC06D00BEAC44 /* Sources */,
				B08918A223BCC06D00BEAC44 /* Frameworks */,
				B08918A323BCC06D00BEAC44 /* Resources */,
			);
			buildRules = (
			);
			dependencies = (
			);
			name = PhotoSelect;
			productName = PhotoSelect;
			productReference = B08918A523BCC06D00BEAC44 /* PhotoSelect.app */;
			productType = "com.apple.product-type.application";
		};
		B08918BA23BCC06E00BEAC44 /* PhotoSelectTests */ = {
			isa = PBXNativeTarget;
			buildConfigurationList = B08918D223BCC06E00BEAC44 /* Build configuration list for PBXNativeTarget "PhotoSelectTests" */;
			buildPhases = (
				B08918B723BCC06E00BEAC44 /* Sources */,
				B08918B823BCC06E00BEAC44 /* Frameworks */,
				B08918B923BCC06E00BEAC44 /* Resources */,
			);
			buildRules = (
			);
			dependencies = (
				B08918BD23BCC06E00BEAC44 /* PBXTargetDependency */,
			);
			name = PhotoSelectTests;
			productName = PhotoSelectTests;
			productReference = B08918BB23BCC06E00BEAC44 /* PhotoSelectTests.xctest */;
			productType = "com.apple.product-type.bundle.unit-test";
		};
		B08918C523BCC06E00BEAC44 /* PhotoSelectUITests */ = {
			isa = PBXNativeTarget;
			buildConfigurationList = B08918D523BCC06E00BEAC44 /* Build configuration list for PBXNativeTarget "PhotoSelectUITests" */;
			buildPhases = (
				B08918C223BCC06E00BEAC44 /* Sources */,
				B08918C323BCC06E00BEAC44 /* Frameworks */,
				B08918C423BCC06E00BEAC44 /* Resources */,
			);
			buildRules = (
			);
			dependencies = (
				B08918C823BCC06E00BEAC44 /* PBXTargetDependency */,
			);
			name = PhotoSelectUITests;
			productName = PhotoSelectUITests;
			productReference = B08918C623BCC06E00BEAC44 /* PhotoSelectUITests.xctest */;
			productType = "com.apple.product-type.bundle.ui-testing";
		};
/* End PBXNativeTarget section */

/* Begin PBXProject section */
		B089189D23BCC06D00BEAC44 /* Project object */ = {
			isa = PBXProject;
			attributes = {
				LastSwiftUpdateCheck = 1130;
				LastUpgradeCheck = 1130;
				ORGANIZATIONNAME = "Mike Chirico";
				TargetAttributes = {
					B08918A423BCC06D00BEAC44 = {
						CreatedOnToolsVersion = 11.3;
					};
					B08918BA23BCC06E00BEAC44 = {
						CreatedOnToolsVersion = 11.3;
						TestTargetID = B08918A423BCC06D00BEAC44;
					};
					B08918C523BCC06E00BEAC44 = {
						CreatedOnToolsVersion = 11.3;
						TestTargetID = B08918A423BCC06D00BEAC44;
					};
				};
			};
			buildConfigurationList = B08918A023BCC06D00BEAC44 /* Build configuration list for PBXProject "PhotoSelect" */;
			compatibilityVersion = "Xcode 9.3";
			developmentRegion = en;
			hasScannedForEncodings = 0;
			knownRegions = (
				en,
				Base,
			);
			mainGroup = B089189C23BCC06D00BEAC44;
			productRefGroup = B08918A623BCC06D00BEAC44 /* Products */;
			projectDirPath = "";
			projectRoot = "";
			targets = (
				B08918A423BCC06D00BEAC44 /* PhotoSelect */,
				B08918BA23BCC06E00BEAC44 /* PhotoSelectTests */,
				B08918C523BCC06E00BEAC44 /* PhotoSelectUITests */,
			);
		};
/* End PBXProject section */

/* Begin PBXResourcesBuildPhase section */
		B08918A323BCC06D00BEAC44 /* Resources */ = {
			isa = PBXResourcesBuildPhase;
			buildActionMask = 2147483647;
			files = (
				B08918B523BCC06E00BEAC44 /* LaunchScreen.storyboard in Resources */,
				B08918B223BCC06E00BEAC44 /* Preview Assets.xcassets in Resources */,
				B08918AF23BCC06E00BEAC44 /* Assets.xcassets in Resources */,
			);
			runOnlyForDeploymentPostprocessing = 0;
		};
		B08918B923BCC06E00BEAC44 /* Resources */ = {
			isa = PBXResourcesBuildPhase;
			buildActionMask = 2147483647;
			files = (
			);
			runOnlyForDeploymentPostprocessing = 0;
		};
		B08918C423BCC06E00BEAC44 /* Resources */ = {
			isa = PBXResourcesBuildPhase;
			buildActionMask = 2147483647;
			files = (
			);
			runOnlyForDeploymentPostprocessing = 0;
		};
/* End PBXResourcesBuildPhase section */

/* Begin PBXSourcesBuildPhase section */
		B08918A123BCC06D00BEAC44 /* Sources */ = {
			isa = PBXSourcesBuildPhase;
			buildActionMask = 2147483647;
			files = (
				B08918A923BCC06D00BEAC44 /* AppDelegate.swift in Sources */,
				B08918AB23BCC06D00BEAC44 /* SceneDelegate.swift in Sources */,
				B08918AD23BCC06D00BEAC44 /* ContentView.swift in Sources */,
			);
			runOnlyForDeploymentPostprocessing = 0;
		};
		B08918B723BCC06E00BEAC44 /* Sources */ = {
			isa = PBXSourcesBuildPhase;
			buildActionMask = 2147483647;
			files = (
				B08918C023BCC06E00BEAC44 /* PhotoSelectTests.swift in Sources */,
			);
			runOnlyForDeploymentPostprocessing = 0;
		};
		B08918C223BCC06E00BEAC44 /* Sources */ = {
			isa = PBXSourcesBuildPhase;
			buildActionMask = 2147483647;
			files = (
				B08918CB23BCC06E00BEAC44 /* PhotoSelectUITests.swift in Sources */,
			);
			runOnlyForDeploymentPostprocessing = 0;
		};
/* End PBXSourcesBuildPhase section */

/* Begin PBXTargetDependency section */
		B08918BD23BCC06E00BEAC44 /* PBXTargetDependency */ = {
			isa = PBXTargetDependency;
			target = B08918A423BCC06D00BEAC44 /* PhotoSelect */;
			targetProxy = B08918BC23BCC06E00BEAC44 /* PBXContainerItemProxy */;
		};
		B08918C823BCC06E00BEAC44 /* PBXTargetDependency */ = {
			isa = PBXTargetDependency;
			target = B08918A423BCC06D00BEAC44 /* PhotoSelect */;
			targetProxy = B08918C723BCC06E00BEAC44 /* PBXContainerItemProxy */;
		};
/* End PBXTargetDependency section */

/* Begin PBXVariantGroup section */
		B08918B323BCC06E00BEAC44 /* LaunchScreen.storyboard */ = {
			isa = PBXVariantGroup;
			children = (
				B08918B423BCC06E00BEAC44 /* Base */,
			);
			name = LaunchScreen.storyboard;
			sourceTree = "<group>";
		};
/* End PBXVariantGroup section */

/* Begin XCBuildConfiguration section */
		B08918CD23BCC06E00BEAC44 /* Debug */ = {
			isa = XCBuildConfiguration;
			buildSettings = {
				ALWAYS_SEARCH_USER_PATHS = NO;
				CLANG_ANALYZER_NONNULL = YES;
				CLANG_ANALYZER_NUMBER_OBJECT_CONVERSION = YES_AGGRESSIVE;
				CLANG_CXX_LANGUAGE_STANDARD = "gnu++14";
				CLANG_CXX_LIBRARY = "libc++";
				CLANG_ENABLE_MODULES = YES;
				CLANG_ENABLE_OBJC_ARC = YES;
				CLANG_ENABLE_OBJC_WEAK = YES;
				CLANG_WARN_BLOCK_CAPTURE_AUTORELEASING = YES;
				CLANG_WARN_BOOL_CONVERSION = YES;
				CLANG_WARN_COMMA = YES;
				CLANG_WARN_CONSTANT_CONVERSION = YES;
				CLANG_WARN_DEPRECATED_OBJC_IMPLEMENTATIONS = YES;
				CLANG_WARN_DIRECT_OBJC_ISA_USAGE = YES_ERROR;
				CLANG_WARN_DOCUMENTATION_COMMENTS = YES;
				CLANG_WARN_EMPTY_BODY = YES;
				CLANG_WARN_ENUM_CONVERSION = YES;
				CLANG_WARN_INFINITE_RECURSION = YES;
				CLANG_WARN_INT_CONVERSION = YES;
				CLANG_WARN_NON_LITERAL_NULL_CONVERSION = YES;
				CLANG_WARN_OBJC_IMPLICIT_RETAIN_SELF = YES;
				CLANG_WARN_OBJC_LITERAL_CONVERSION = YES;
				CLANG_WARN_OBJC_ROOT_CLASS = YES_ERROR;
				CLANG_WARN_RANGE_LOOP_ANALYSIS = YES;
				CLANG_WARN_STRICT_PROTOTYPES = YES;
				CLANG_WARN_SUSPICIOUS_MOVE = YES;
				CLANG_WARN_UNGUARDED_AVAILABILITY = YES_AGGRESSIVE;
				CLANG_WARN_UNREACHABLE_CODE = YES;
				CLANG_WARN__DUPLICATE_METHOD_MATCH = YES;
				COPY_PHASE_STRIP = NO;
				DEBUG_INFORMATION_FORMAT = dwarf;
				ENABLE_STRICT_OBJC_MSGSEND = YES;
				ENABLE_TESTABILITY = YES;
				GCC_C_LANGUAGE_STANDARD = gnu11;
				GCC_DYNAMIC_NO_PIC = NO;
				GCC_NO_COMMON_BLOCKS = YES;
				GCC_OPTIMIZATION_LEVEL = 0;
				GCC_PREPROCESSOR_DEFINITIONS = (
					"DEBUG=1",
					"$(inherited)",
				);
				GCC_WARN_64_TO_32_BIT_CONVERSION = YES;
				GCC_WARN_ABOUT_RETURN_TYPE = YES_ERROR;
				GCC_WARN_UNDECLARED_SELECTOR = YES;
				GCC_WARN_UNINITIALIZED_AUTOS = YES_AGGRESSIVE;
				GCC_WARN_UNUSED_FUNCTION = YES;
				GCC_WARN_UNUSED_VARIABLE = YES;
				IPHONEOS_DEPLOYMENT_TARGET = 13.2;
				MTL_ENABLE_DEBUG_INFO = INCLUDE_SOURCE;
				MTL_FAST_MATH = YES;
				ONLY_ACTIVE_ARCH = YES;
				SDKROOT = iphoneos;
				SWIFT_ACTIVE_COMPILATION_CONDITIONS = DEBUG;
				SWIFT_OPTIMIZATION_LEVEL = "-Onone";
			};
			name = Debug;
		};
		B08918CE23BCC06E00BEAC44 /* Release */ = {
			isa = XCBuildConfiguration;
			buildSettings = {
				ALWAYS_SEARCH_USER_PATHS = NO;
				CLANG_ANALYZER_NONNULL = YES;
				CLANG_ANALYZER_NUMBER_OBJECT_CONVERSION = YES_AGGRESSIVE;
				CLANG_CXX_LANGUAGE_STANDARD = "gnu++14";
				CLANG_CXX_LIBRARY = "libc++";
				CLANG_ENABLE_MODULES = YES;
				CLANG_ENABLE_OBJC_ARC = YES;
				CLANG_ENABLE_OBJC_WEAK = YES;
				CLANG_WARN_BLOCK_CAPTURE_AUTORELEASING = YES;
				CLANG_WARN_BOOL_CONVERSION = YES;
				CLANG_WARN_COMMA = YES;
				CLANG_WARN_CONSTANT_CONVERSION = YES;
				CLANG_WARN_DEPRECATED_OBJC_IMPLEMENTATIONS = YES;
				CLANG_WARN_DIRECT_OBJC_ISA_USAGE = YES_ERROR;
				CLANG_WARN_DOCUMENTATION_COMMENTS = YES;
				CLANG_WARN_EMPTY_BODY = YES;
				CLANG_WARN_ENUM_CONVERSION = YES;
				CLANG_WARN_INFINITE_RECURSION = YES;
				CLANG_WARN_INT_CONVERSION = YES;
				CLANG_WARN_NON_LITERAL_NULL_CONVERSION = YES;
				CLANG_WARN_OBJC_IMPLICIT_RETAIN_SELF = YES;
				CLANG_WARN_OBJC_LITERAL_CONVERSION = YES;
				CLANG_WARN_OBJC_ROOT_CLASS = YES_ERROR;
				CLANG_WARN_RANGE_LOOP_ANALYSIS = YES;
				CLANG_WARN_STRICT_PROTOTYPES = YES;
				CLANG_WARN_SUSPICIOUS_MOVE = YES;
				CLANG_WARN_UNGUARDED_AVAILABILITY = YES_AGGRESSIVE;
				CLANG_WARN_UNREACHABLE_CODE = YES;
				CLANG_WARN__DUPLICATE_METHOD_MATCH = YES;
				COPY_PHASE_STRIP = NO;
				DEBUG_INFORMATION_FORMAT = "dwarf-with-dsym";
				ENABLE_NS_ASSERTIONS = NO;
				ENABLE_STRICT_OBJC_MSGSEND = YES;
				GCC_C_LANGUAGE_STANDARD = gnu11;
				GCC_NO_COMMON_BLOCKS = YES;
				GCC_WARN_64_TO_32_BIT_CONVERSION = YES;
				GCC_WARN_ABOUT_RETURN_TYPE = YES_ERROR;
				GCC_WARN_UNDECLARED_SELECTOR = YES;
				GCC_WARN_UNINITIALIZED_AUTOS = YES_AGGRESSIVE;
				GCC_WARN_UNUSED_FUNCTION = YES;
				GCC_WARN_UNUSED_VARIABLE = YES;
				IPHONEOS_DEPLOYMENT_TARGET = 13.2;
				MTL_ENABLE_DEBUG_INFO = NO;
				MTL_FAST_MATH = YES;
				SDKROOT = iphoneos;
				SWIFT_COMPILATION_MODE = wholemodule;
				SWIFT_OPTIMIZATION_LEVEL = "-O";
				VALIDATE_PRODUCT = YES;
			};
			name = Release;
		};
		B08918D023BCC06E00BEAC44 /* Debug */ = {
			isa = XCBuildConfiguration;
			buildSettings = {
				ASSETCATALOG_COMPILER_APPICON_NAME = AppIcon;
				CODE_SIGN_STYLE = Automatic;
				DEVELOPMENT_ASSET_PATHS = "\"PhotoSelect/Preview Content\"";
				DEVELOPMENT_TEAM = UWJCYGVG9Z;
				ENABLE_PREVIEWS = YES;
				INFOPLIST_FILE = PhotoSelect/Info.plist;
				LD_RUNPATH_SEARCH_PATHS = (
					"$(inherited)",
					"@executable_path/Frameworks",
				);
				PRODUCT_BUNDLE_IDENTIFIER = com.cwxstat.PhotoSelect;
				PRODUCT_NAME = "$(TARGET_NAME)";
				SWIFT_VERSION = 5.0;
				TARGETED_DEVICE_FAMILY = "1,2";
			};
			name = Debug;
		};
		B08918D123BCC06E00BEAC44 /* Release */ = {
			isa = XCBuildConfiguration;
			buildSettings = {
				ASSETCATALOG_COMPILER_APPICON_NAME = AppIcon;
				CODE_SIGN_STYLE = Automatic;
				DEVELOPMENT_ASSET_PATHS = "\"PhotoSelect/Preview Content\"";
				DEVELOPMENT_TEAM = UWJCYGVG9Z;
				ENABLE_PREVIEWS = YES;
				INFOPLIST_FILE = PhotoSelect/Info.plist;
				LD_RUNPATH_SEARCH_PATHS = (
					"$(inherited)",
					"@executable_path/Frameworks",
				);
				PRODUCT_BUNDLE_IDENTIFIER = com.cwxstat.PhotoSelect;
				PRODUCT_NAME = "$(TARGET_NAME)";
				SWIFT_VERSION = 5.0;
				TARGETED_DEVICE_FAMILY = "1,2";
			};
			name = Release;
		};
		B08918D323BCC06E00BEAC44 /* Debug */ = {
			isa = XCBuildConfiguration;
			buildSettings = {
				ALWAYS_EMBED_SWIFT_STANDARD_LIBRARIES = YES;
				BUNDLE_LOADER = "$(TEST_HOST)";
				CODE_SIGN_STYLE = Automatic;
				DEVELOPMENT_TEAM = UWJCYGVG9Z;
				INFOPLIST_FILE = PhotoSelectTests/Info.plist;
				IPHONEOS_DEPLOYMENT_TARGET = 13.2;
				LD_RUNPATH_SEARCH_PATHS = (
					"$(inherited)",
					"@executable_path/Frameworks",
					"@loader_path/Frameworks",
				);
				PRODUCT_BUNDLE_IDENTIFIER = com.cwxstat.PhotoSelectTests;
				PRODUCT_NAME = "$(TARGET_NAME)";
				SWIFT_VERSION = 5.0;
				TARGETED_DEVICE_FAMILY = "1,2";
				TEST_HOST = "$(BUILT_PRODUCTS_DIR)/PhotoSelect.app/PhotoSelect";
			};
			name = Debug;
		};
		B08918D423BCC06E00BEAC44 /* Release */ = {
			isa = XCBuildConfiguration;
			buildSettings = {
				ALWAYS_EMBED_SWIFT_STANDARD_LIBRARIES = YES;
				BUNDLE_LOADER = "$(TEST_HOST)";
				CODE_SIGN_STYLE = Automatic;
				DEVELOPMENT_TEAM = UWJCYGVG9Z;
				INFOPLIST_FILE = PhotoSelectTests/Info.plist;
				IPHONEOS_DEPLOYMENT_TARGET = 13.2;
				LD_RUNPATH_SEARCH_PATHS = (
					"$(inherited)",
					"@executable_path/Frameworks",
					"@loader_path/Frameworks",
				);
				PRODUCT_BUNDLE_IDENTIFIER = com.cwxstat.PhotoSelectTests;
				PRODUCT_NAME = "$(TARGET_NAME)";
				SWIFT_VERSION = 5.0;
				TARGETED_DEVICE_FAMILY = "1,2";
				TEST_HOST = "$(BUILT_PRODUCTS_DIR)/PhotoSelect.app/PhotoSelect";
			};
			name = Release;
		};
		B08918D623BCC06E00BEAC44 /* Debug */ = {
			isa = XCBuildConfiguration;
			buildSettings = {
				ALWAYS_EMBED_SWIFT_STANDARD_LIBRARIES = YES;
				CODE_SIGN_STYLE = Automatic;
				DEVELOPMENT_TEAM = UWJCYGVG9Z;
				INFOPLIST_FILE = PhotoSelectUITests/Info.plist;
				LD_RUNPATH_SEARCH_PATHS = (
					"$(inherited)",
					"@executable_path/Frameworks",
					"@loader_path/Frameworks",
				);
				PRODUCT_BUNDLE_IDENTIFIER = com.cwxstat.PhotoSelectUITests;
				PRODUCT_NAME = "$(TARGET_NAME)";
				SWIFT_VERSION = 5.0;
				TARGETED_DEVICE_FAMILY = "1,2";
				TEST_TARGET_NAME = PhotoSelect;
			};
			name = Debug;
		};
		B08918D723BCC06E00BEAC44 /* Release */ = {
			isa = XCBuildConfiguration;
			buildSettings = {
				ALWAYS_EMBED_SWIFT_STANDARD_LIBRARIES = YES;
				CODE_SIGN_STYLE = Automatic;
				DEVELOPMENT_TEAM = UWJCYGVG9Z;
				INFOPLIST_FILE = PhotoSelectUITests/Info.plist;
				LD_RUNPATH_SEARCH_PATHS = (
					"$(inherited)",
					"@executable_path/Frameworks",
					"@loader_path/Frameworks",
				);
				PRODUCT_BUNDLE_IDENTIFIER = com.cwxstat.PhotoSelectUITests;
				PRODUCT_NAME = "$(TARGET_NAME)";
				SWIFT_VERSION = 5.0;
				TARGETED_DEVICE_FAMILY = "1,2";
				TEST_TARGET_NAME = PhotoSelect;
			};
			name = Release;
		};
/* End XCBuildConfiguration section */

/* Begin XCConfigurationList section */
		B08918A023BCC06D00BEAC44 /* Build configuration list for PBXProject "PhotoSelect" */ = {
			isa = XCConfigurationList;
			buildConfigurations = (
				B08918CD23BCC06E00BEAC44 /* Debug */,
				B08918CE23BCC06E00BEAC44 /* Release */,
			);
			defaultConfigurationIsVisible = 0;
			defaultConfigurationName = Release;
		};
		B08918CF23BCC06E00BEAC44 /* Build configuration list for PBXNativeTarget "PhotoSelect" */ = {
			isa = XCConfigurationList;
			buildConfigurations = (
				B08918D023BCC06E00BEAC44 /* Debug */,
				B08918D123BCC06E00BEAC44 /* Release */,
			);
			defaultConfigurationIsVisible = 0;
			defaultConfigurationName = Release;
		};
		B08918D223BCC06E00BEAC44 /* Build configuration list for PBXNativeTarget "PhotoSelectTests" */ = {
			isa = XCConfigurationList;
			buildConfigurations = (
				B08918D323BCC06E00BEAC44 /* Debug */,
				B08918D423BCC06E00BEAC44 /* Release */,
			);
			defaultConfigurationIsVisible = 0;
			defaultConfigurationName = Release;
		};
		B08918D523BCC06E00BEAC44 /* Build configuration list for PBXNativeTarget "PhotoSelectUITests" */ = {
			isa = XCConfigurationList;
			buildConfigurations = (
				B08918D623BCC06E00BEAC44 /* Debug */,
				B08918D723BCC06E00BEAC44 /* Release */,
			);
			defaultConfigurationIsVisible = 0;
			defaultConfigurationName = Release;
		};
/* End XCConfigurationList section */
	};
	rootObject = B089189D23BCC06D00BEAC44 /* Project object */;
}
